<?xml version="1.0" encoding="UTF-8" standalone="yes" ?>
<CodeBlocks_project_file>
	<FileVersion major="1" minor="6" />
	<Project>
		<Option title="64W_Generation" />
		<Option pch_mode="2" />
		<Option compiler="gnu_gcc_compiler_x64" />
		<Build>
			<Target title="Debug">
				<Option output="bin/Debug/64W_Generation_1" prefix_auto="1" extension_auto="1" />
				<Option object_output="obj/Debug/" />
				<Option type="1" />
				<Option compiler="gnu_gcc_compiler_x64" />
				<Option parameters="-g 10 -p 16" />
				<Compiler>
					<Add option="-std=c++14" />
					<Add option="-m64" />
					<Add option="-g" />
					<Add directory="include" />
					<Add directory="C:/Users/jacob/Documents/ProsPrograms/64W-AI-REV0-2021/include" />
					<Add directory="C:/Users/jacob/Documents/ProsPrograms/64W-AI-REV0-2021/src" />
				</Compiler>
				<ResourceCompiler>
					<Add directory="C:/Users/jacob/Documents/ProsPrograms/64W-AI-REV0-2021/src" />
				</ResourceCompiler>
				<Linker>
					<Add option="-static-libstdc++" />
					<Add option="-static-libgcc" />
					<Add option="-static" />
					<Add option="-m64" />
				</Linker>
			</Target>
			<Target title="Release">
				<Option output="bin/Release/64W_Generation_1" prefix_auto="1" extension_auto="1" />
				<Option object_output="obj/Release/" />
				<Option type="1" />
				<Option compiler="gnu_gcc_compiler_x64" />
				<Compiler>
					<Add option="-m64" />
					<Add directory="include" />
				</Compiler>
				<Linker>
					<Add option="-O3" />
					<Add option="-s" />
					<Add option="-static-libstdc++" />
					<Add option="-static-libgcc" />
					<Add option="-static" />
					<Add option="-m64" />
				</Linker>
			</Target>
		</Build>
		<Compiler>
			<Add option="-Wall" />
			<Add option="-m64" />
			<Add option="-fexceptions" />
			<Add option="-DGENERATION_NO_ROBOT" />
		</Compiler>
		<Linker>
			<Add option="-static-libstdc++" />
			<Add option="-static-libgcc" />
			<Add option="-static" />
			<Add option="-m64" />
		</Linker>
		<Unit filename="main.cpp" />
		<Extensions>
			<code_completion />
			<envvars />
			<debugger />
			<lib_finder disable_auto="1" />
		</Extensions>
	</Project>
</CodeBlocks_project_file>
