<?xml version="1.0" encoding="UTF-8" standalone="yes" ?>
<CodeBlocks_project_file>
	<FileVersion major="1" minor="6" />
	<Project>
		<Option title="generation" />
		<Option pch_mode="2" />
		<Option compiler="gnu_gcc_compiler_x64" />
		<Build>
			<Target title="Debug">
				<Option output="bin/Debug/generation" prefix_auto="1" extension_auto="1" />
				<Option object_output="obj/Debug/" />
				<Option type="1" />
				<Option compiler="gnu_gcc_compiler_x64_with_gcc_101" />
				<Option parameters="-g 20 -p 64 -i initial -o elite" />
				<Compiler>
					<Add option="-std=c++1z" />
					<Add option="-m64" />
					<Add option="-g" />
					<Add option="-DGENERATION_NO_ROBOT" />
					<Add directory="include" />
					<Add directory="C:/Users/jacob/Documents/ProsPrograms/64W-AI-REV0-2021/include" />
					<Add directory="C:/Users/jacob/Documents/ProsPrograms/64W-AI-REV0-2021/src" />
				</Compiler>
				<ResourceCompiler>
					<Add directory="C:/Users/jacob/Documents/ProsPrograms/64W-AI-REV0-2021/src" />
				</ResourceCompiler>
				<Linker>
					<Add option="-static-libstdc++" />
					<Add option="-static-libgcc" />
					<Add option="-static" />
					<Add option="-m64" />
					<Add option="-lstdc++fs" />
				</Linker>
			</Target>
			<Target title="Release">
				<Option output="bin/Release/generation" prefix_auto="1" extension_auto="1" />
				<Option object_output="obj/Release/" />
				<Option type="1" />
				<Option compiler="gnu_gcc_compiler_x64_with_gcc_101" />
				<Option parameters="-g 20 -p 64 -i initial -o elite" />
				<Compiler>
					<Add option="-march=corei7-avx" />
					<Add option="-std=c++1z" />
					<Add option="-m64" />
					<Add option="-DGENERATION_NO_ROBOT" />
					<Add directory="include" />
					<Add directory="C:/Users/jacob/Documents/ProsPrograms/64W-AI-REV0-2021/include" />
					<Add directory="C:/Users/jacob/Documents/ProsPrograms/64W-AI-REV0-2021/src" />
				</Compiler>
				<Linker>
					<Add option="-O3" />
					<Add option="-s" />
					<Add option="-static-libstdc++" />
					<Add option="-static-libgcc" />
					<Add option="-static" />
					<Add option="-m64" />
					<Add option="-lstdc++fs" />
				</Linker>
			</Target>
		</Build>
		<Compiler>
			<Add option="-Wall" />
			<Add option="-std=c++1z" />
			<Add option="-m64" />
			<Add option="-fexceptions" />
			<Add option="-DGENERATION_NO_ROBOT" />
		</Compiler>
		<Linker>
			<Add option="-static-libstdc++" />
			<Add option="-static-libgcc" />
			<Add option="-static" />
			<Add option="-m64" />
		</Linker>
		<Unit filename="../include/AI.h">
			<Option target="&lt;{~None~}&gt;" />
		</Unit>
		<Unit filename="../include/Ball.h">
			<Option target="&lt;{~None~}&gt;" />
		</Unit>
		<Unit filename="../include/Brain.h">
			<Option target="&lt;{~None~}&gt;" />
		</Unit>
		<Unit filename="../include/Container.h">
			<Option target="&lt;{~None~}&gt;" />
		</Unit>
		<Unit filename="../include/GameObject.h">
			<Option target="&lt;{~None~}&gt;" />
		</Unit>
		<Unit filename="../include/Goal.h">
			<Option target="&lt;{~None~}&gt;" />
		</Unit>
		<Unit filename="../include/Match.h">
			<Option target="&lt;{~None~}&gt;" />
		</Unit>
		<Unit filename="../include/Move.h">
			<Option target="&lt;{~None~}&gt;" />
		</Unit>
		<Unit filename="../include/MoveContainer.h">
			<Option target="&lt;{~None~}&gt;" />
		</Unit>
		<Unit filename="../include/MoveDerived.h">
			<Option target="&lt;{~None~}&gt;" />
		</Unit>
		<Unit filename="../include/MoveSet.h">
			<Option target="&lt;{~None~}&gt;" />
		</Unit>
		<Unit filename="../include/Robot.h">
			<Option target="&lt;{~None~}&gt;" />
		</Unit>
		<Unit filename="../include/SMP.h">
			<Option target="&lt;{~None~}&gt;" />
		</Unit>
		<Unit filename="../include/SP.h">
			<Option target="&lt;{~None~}&gt;" />
		</Unit>
		<Unit filename="../include/SensorWrapper.h">
			<Option target="&lt;{~None~}&gt;" />
		</Unit>
		<Unit filename="../src/Ball.cpp">
			<Option target="&lt;{~None~}&gt;" />
		</Unit>
		<Unit filename="../src/Brain.cpp">
			<Option target="&lt;{~None~}&gt;" />
		</Unit>
		<Unit filename="../src/Container.cpp">
			<Option target="&lt;{~None~}&gt;" />
		</Unit>
		<Unit filename="../src/GameObject.cpp">
			<Option target="&lt;{~None~}&gt;" />
		</Unit>
		<Unit filename="../src/Goal.cpp">
			<Option target="&lt;{~None~}&gt;" />
		</Unit>
		<Unit filename="../src/Match.cpp">
			<Option target="&lt;{~None~}&gt;" />
		</Unit>
		<Unit filename="../src/Move.cpp">
			<Option target="&lt;{~None~}&gt;" />
		</Unit>
		<Unit filename="../src/MoveContainer.cpp">
			<Option target="&lt;{~None~}&gt;" />
		</Unit>
		<Unit filename="../src/MoveDerived.cpp">
			<Option target="&lt;{~None~}&gt;" />
		</Unit>
		<Unit filename="../src/MoveSet.cpp">
			<Option target="&lt;{~None~}&gt;" />
		</Unit>
		<Unit filename="../src/Robot.cpp">
			<Option target="&lt;{~None~}&gt;" />
		</Unit>
		<Unit filename="../src/SMP.cpp">
			<Option target="&lt;{~None~}&gt;" />
		</Unit>
		<Unit filename="../src/SP.cpp">
			<Option target="&lt;{~None~}&gt;" />
		</Unit>
		<Unit filename="../src/SensorWrapper.cpp">
			<Option target="&lt;{~None~}&gt;" />
		</Unit>
		<Unit filename="../src/main.cpp">
			<Option target="&lt;{~None~}&gt;" />
		</Unit>
		<Unit filename="Monitor.cpp">
			<Option target="&lt;{~None~}&gt;" />
		</Unit>
		<Unit filename="Monitor.h">
			<Option target="&lt;{~None~}&gt;" />
		</Unit>
		<Unit filename="main.cpp" />
		<Extensions>
			<code_completion />
			<envvars />
			<debugger />
			<lib_finder disable_auto="1" />
		</Extensions>
	</Project>
</CodeBlocks_project_file>
